
Microsoft Visual Studio Solution File, Format Version 12.00
# Visual Studio Version 17
VisualStudioVersion = 17.3.32901.215
MinimumVisualStudioVersion = 10.0.40219.1
Project("{FAE04EC0-301F-11D3-BF4B-00C04F79EFBC}") = "MinhaIdade", "MinhaIdade\MinhaIdade.csproj", "{32419EB9-FC69-4C84-9688-670F15565FBE}"
EndProject
Global
	GlobalSection(SolutionConfigurationPlatforms) = preSolution
		Debug|Any CPU = Debug|Any CPU
		Release|Any CPU = Release|Any CPU
	EndGlobalSection
	GlobalSection(ProjectConfigurationPlatforms) = postSolution
		{32419EB9-FC69-4C84-9688-670F15565FBE}.Debug|Any CPU.ActiveCfg = Debug|Any CPU
		{32419EB9-FC69-4C84-9688-670F15565FBE}.Debug|Any CPU.Build.0 = Debug|Any CPU
		{32419EB9-FC69-4C84-9688-670F15565FBE}.Release|Any CPU.ActiveCfg = Release|Any CPU
		{32419EB9-FC69-4C84-9688-670F15565FBE}.Release|Any CPU.Build.0 = Release|Any CPU
	EndGlobalSection
	GlobalSection(SolutionProperties) = preSolution
		HideSolutionNode = FALSE
	EndGlobalSection
	GlobalSection(ExtensibilityGlobals) = postSolution
		SolutionGuid = {31090843-18D9-4C75-AF2D-AC1BC39AC267}
	EndGlobalSection
EndGlobal
