
Microsoft Visual Studio Solution File, Format Version 12.00
# Visual Studio Version 17
VisualStudioVersion = 17.3.32901.215
MinimumVisualStudioVersion = 10.0.40219.1
Project("{2150E333-8FDC-42A3-9474-1A3956D46DE8}") = "Itens de Solução", "Itens de Solução", "{4AC8016A-FA69-4E71-A6AE-59DDAAE9830E}"
	ProjectSection(SolutionItems) = preProject
		10.1-calculadoraPoupanca2\10.1-calculadoraPoupanca2.csproj = 10.1-calculadoraPoupanca2\10.1-calculadoraPoupanca2.csproj
		7-atribuiçõesVariáveis\atribuiçõesVariáveis.csproj = 7-atribuiçõesVariáveis\atribuiçõesVariáveis.csproj
		10-calculadoraPoupança\calculadoraPoupança.csproj = 10-calculadoraPoupança\calculadoraPoupança.csproj
		6-caracteresTexto\caracteresTexto.csproj = 6-caracteresTexto\caracteresTexto.csproj
		8-condicionais\condicionais.csproj = 8-condicionais\condicionais.csproj
		8.1-condicionaisParte2\condicionaisParte2.csproj = 8.1-condicionaisParte2\condicionaisParte2.csproj
		5-conversõesTipos\conversõesTipos.csproj = 5-conversõesTipos\conversõesTipos.csproj
		9-escopo\escopo.csproj = 9-escopo\escopo.csproj
		3-HelloWorld\HelloWorld.csproj = 3-HelloWorld\HelloWorld.csproj
		2-MinhaIdade\MinhaIdade\MinhaIdade.csproj = 2-MinhaIdade\MinhaIdade\MinhaIdade.csproj
		1-Variáveis\Variáveis.csproj = 1-Variáveis\Variáveis.csproj
		4-variávelPontoFlutuante\variávelPontoFlutuante.csproj = 4-variávelPontoFlutuante\variávelPontoFlutuante.csproj
	EndProjectSection
EndProject
Global
	GlobalSection(SolutionProperties) = preSolution
		HideSolutionNode = FALSE
	EndGlobalSection
	GlobalSection(ExtensibilityGlobals) = postSolution
		SolutionGuid = {DAEBB7F7-59A7-4C38-A86A-7D5D1F67099F}
	EndGlobalSection
EndGlobal
